<Solution>
  <Project Path="psueiskolarsystem.client/psueiskolarsystem.client.esproj">
    <Build />
    <Deploy />
  </Project>
  <Project Path="PSUEISKOLARSystem.Server.Tests/PSUEISKOLARSystem.Server.Tests.csproj" />
  <Project Path="PSUEISKOLARSystem.Server/PSUEISKOLARSystem.Server.csproj" />
</Solution>
